PODS:
  - CryptoSwift (0.10.0)
  - HDWalletKit (0.1.0):
    - CryptoSwift (~> 0.10.0)
    - secp256k1.swift (~> 0.1.4)
  - secp256k1.swift (0.1.4)

DEPENDENCIES:
  - HDWalletKit (from `../`)

SPEC REPOS:
  https://github.com/cocoapods/specs.git:
    - CryptoSwift
    - secp256k1.swift

EXTERNAL SOURCES:
  HDWalletKit:
    :path: "../"

SPEC CHECKSUMS:
  CryptoSwift: 6c778d69282bed3b4e975ff97a79d074f20bb011
  HDWalletKit: 953662cab137b0692672a686eb799cf5a1468334
  secp256k1.swift: a7e7a214f6db6ce5db32cc6b2b45e5c4dd633634

PODFILE CHECKSUM: e32a24da026843f5cef2bbee1dc7766367464eb1

COCOAPODS: 1.5.2
